// !$*UTF8*$!
{
	archiveVersion = 1;
	classes = {
	};
	objectVersion = 54;
	objects = {

/* Begin PBXBuildFile section */
		A0000000000000000000000E /* InspectionRecordDemoApp.swift in Sources */ = {isa = PBXBuildFile; fileRef = A0000000000000000000000B /* InspectionRecordDemoApp.swift */; };
		A0000000000000000000000F /* AppFeature.swift in Sources */ = {isa = PBXBuildFile; fileRef = A0000000000000000000000C /* AppFeature.swift */; };
		A00000000000000000000010 /* ComposableArchitecture in Frameworks */ = {isa = PBXBuildFile; productRef = A0000000000000000000001B /* ComposableArchitecture */; };
		A00000000000000000000020 /* InspectionModels.swift in Sources */ = {isa = PBXBuildFile; fileRef = A0000000000000000000001D /* InspectionModels.swift */; };
		A00000000000000000000021 /* InspectionListFeature.swift in Sources */ = {isa = PBXBuildFile; fileRef = A0000000000000000000001E /* InspectionListFeature.swift */; };
		A00000000000000000000022 /* InspectionEditorFeature.swift in Sources */ = {isa = PBXBuildFile; fileRef = A0000000000000000000001F /* InspectionEditorFeature.swift */; };
		A00000000000000000000037 /* InspectionEditorLocationClient.swift in Sources */ = {isa = PBXBuildFile; fileRef = A0000000000000000000003A /* InspectionEditorLocationClient.swift */; };
		A00000000000000000000038 /* InspectionEditorCameraClient.swift in Sources */ = {isa = PBXBuildFile; fileRef = A0000000000000000000003B /* InspectionEditorCameraClient.swift */; };
		A00000000000000000000039 /* InspectionEditorView.swift in Sources */ = {isa = PBXBuildFile; fileRef = A0000000000000000000003C /* InspectionEditorView.swift */; };
		A00000000000000000000042 /* LocationPreferencesClient.swift in Sources */ = {isa = PBXBuildFile; fileRef = A00000000000000000000050 /* LocationPreferencesClient.swift */; };
		A00000000000000000000043 /* TargetFormFeature.swift in Sources */ = {isa = PBXBuildFile; fileRef = A00000000000000000000051 /* TargetFormFeature.swift */; };
		A00000000000000000000044 /* TargetFormView.swift in Sources */ = {isa = PBXBuildFile; fileRef = A00000000000000000000052 /* TargetFormView.swift */; };
		A00000000000000000000045 /* InspectionListView.swift in Sources */ = {isa = PBXBuildFile; fileRef = A00000000000000000000053 /* InspectionListView.swift */; };
		A00000000000000000000046 /* InspectionTargetsView.swift in Sources */ = {isa = PBXBuildFile; fileRef = A00000000000000000000054 /* InspectionTargetsView.swift */; };
		A00000000000000000000047 /* InspectionHistoryView.swift in Sources */ = {isa = PBXBuildFile; fileRef = A00000000000000000000055 /* InspectionHistoryView.swift */; };
		A00000000000000000000048 /* InspectionEditorPhotoSection.swift in Sources */ = {isa = PBXBuildFile; fileRef = A00000000000000000000056 /* InspectionEditorPhotoSection.swift */; };
		A00000000000000000000049 /* SystemCameraView.swift in Sources */ = {isa = PBXBuildFile; fileRef = A00000000000000000000057 /* SystemCameraView.swift */; };
		A0000000000000000000004A /* InspectionPhotoDataNormalizer.swift in Sources */ = {isa = PBXBuildFile; fileRef = A00000000000000000000058 /* InspectionPhotoDataNormalizer.swift */; };
		A00000000000000000000023 /* InspectionPersistence.swift in Sources */ = {isa = PBXBuildFile; fileRef = A00000000000000000000024 /* InspectionPersistence.swift */; };
		A00000000000000000000026 /* InspectionPersistenceTests.swift in Sources */ = {isa = PBXBuildFile; fileRef = A00000000000000000000029 /* InspectionPersistenceTests.swift */; };
		A00000000000000000000040 /* InspectionListFeatureTests.swift in Sources */ = {isa = PBXBuildFile; fileRef = A0000000000000000000003D /* InspectionListFeatureTests.swift */; };
		A00000000000000000000041 /* InspectionEditorFeatureTests.swift in Sources */ = {isa = PBXBuildFile; fileRef = A0000000000000000000003E /* InspectionEditorFeatureTests.swift */; };
		A00000000000000000000035 /* XCTest.framework in Frameworks */ = {isa = PBXBuildFile; fileRef = A00000000000000000000036 /* XCTest.framework */; };
/* End PBXBuildFile section */

/* Begin PBXContainerItemProxy section */
		A0000000000000000000002C /* PBXContainerItemProxy */ = {
			isa = PBXContainerItemProxy;
			containerPortal = A00000000000000000000001 /* Project object */;
			proxyType = 1;
			remoteGlobalIDString = A00000000000000000000002;
			remoteInfo = InspectionRecordDemo;
		};
/* End PBXContainerItemProxy section */

/* Begin PBXFileReference section */
		7DF77CD6302BFF1F00F953B9 /* AGENTS.md */ = {isa = PBXFileReference; lastKnownFileType = net.daringfireball.markdown; path = AGENTS.md; sourceTree = "<group>"; };
		7DF77CD7302BFF1F00F953B9 /* LICENSE */ = {isa = PBXFileReference; lastKnownFileType = text; path = LICENSE; sourceTree = "<group>"; };
		7DF77CD8302BFF1F00F953B9 /* README.md */ = {isa = PBXFileReference; lastKnownFileType = net.daringfireball.markdown; path = README.md; sourceTree = "<group>"; };
		A0000000000000000000000B /* InspectionRecordDemoApp.swift */ = {isa = PBXFileReference; fileEncoding = 4; lastKnownFileType = sourcecode.swift; path = InspectionRecordDemoApp.swift; sourceTree = "<group>"; };
		A0000000000000000000000C /* AppFeature.swift */ = {isa = PBXFileReference; fileEncoding = 4; lastKnownFileType = sourcecode.swift; path = AppFeature.swift; sourceTree = "<group>"; };
		A0000000000000000000000D /* InspectionRecordDemo.app */ = {isa = PBXFileReference; explicitFileType = wrapper.application; includeInIndex = 0; path = InspectionRecordDemo.app; sourceTree = BUILT_PRODUCTS_DIR; };
		A0000000000000000000001D /* InspectionModels.swift */ = {isa = PBXFileReference; fileEncoding = 4; lastKnownFileType = sourcecode.swift; path = InspectionModels.swift; sourceTree = "<group>"; };
		A0000000000000000000001E /* InspectionListFeature.swift */ = {isa = PBXFileReference; fileEncoding = 4; lastKnownFileType = sourcecode.swift; path = InspectionListFeature.swift; sourceTree = "<group>"; };
		A0000000000000000000001F /* InspectionEditorFeature.swift */ = {isa = PBXFileReference; fileEncoding = 4; lastKnownFileType = sourcecode.swift; path = InspectionEditorFeature.swift; sourceTree = "<group>"; };
		A0000000000000000000003A /* InspectionEditorLocationClient.swift */ = {isa = PBXFileReference; fileEncoding = 4; lastKnownFileType = sourcecode.swift; path = InspectionEditorLocationClient.swift; sourceTree = "<group>"; };
		A0000000000000000000003B /* InspectionEditorCameraClient.swift */ = {isa = PBXFileReference; fileEncoding = 4; lastKnownFileType = sourcecode.swift; path = InspectionEditorCameraClient.swift; sourceTree = "<group>"; };
		A0000000000000000000003C /* InspectionEditorView.swift */ = {isa = PBXFileReference; fileEncoding = 4; lastKnownFileType = sourcecode.swift; path = InspectionEditorView.swift; sourceTree = "<group>"; };
		A00000000000000000000050 /* LocationPreferencesClient.swift */ = {isa = PBXFileReference; fileEncoding = 4; lastKnownFileType = sourcecode.swift; path = LocationPreferencesClient.swift; sourceTree = "<group>"; };
		A00000000000000000000051 /* TargetFormFeature.swift */ = {isa = PBXFileReference; fileEncoding = 4; lastKnownFileType = sourcecode.swift; path = TargetFormFeature.swift; sourceTree = "<group>"; };
		A00000000000000000000052 /* TargetFormView.swift */ = {isa = PBXFileReference; fileEncoding = 4; lastKnownFileType = sourcecode.swift; path = TargetFormView.swift; sourceTree = "<group>"; };
		A00000000000000000000053 /* InspectionListView.swift */ = {isa = PBXFileReference; fileEncoding = 4; lastKnownFileType = sourcecode.swift; path = InspectionListView.swift; sourceTree = "<group>"; };
		A00000000000000000000054 /* InspectionTargetsView.swift */ = {isa = PBXFileReference; fileEncoding = 4; lastKnownFileType = sourcecode.swift; path = InspectionTargetsView.swift; sourceTree = "<group>"; };
		A00000000000000000000055 /* InspectionHistoryView.swift */ = {isa = PBXFileReference; fileEncoding = 4; lastKnownFileType = sourcecode.swift; path = InspectionHistoryView.swift; sourceTree = "<group>"; };
		A00000000000000000000056 /* InspectionEditorPhotoSection.swift */ = {isa = PBXFileReference; fileEncoding = 4; lastKnownFileType = sourcecode.swift; path = InspectionEditorPhotoSection.swift; sourceTree = "<group>"; };
		A00000000000000000000057 /* SystemCameraView.swift */ = {isa = PBXFileReference; fileEncoding = 4; lastKnownFileType = sourcecode.swift; path = SystemCameraView.swift; sourceTree = "<group>"; };
		A00000000000000000000058 /* InspectionPhotoDataNormalizer.swift */ = {isa = PBXFileReference; fileEncoding = 4; lastKnownFileType = sourcecode.swift; path = InspectionPhotoDataNormalizer.swift; sourceTree = "<group>"; };
		A00000000000000000000024 /* InspectionPersistence.swift */ = {isa = PBXFileReference; fileEncoding = 4; lastKnownFileType = sourcecode.swift; path = InspectionPersistence.swift; sourceTree = "<group>"; };
		A00000000000000000000029 /* InspectionPersistenceTests.swift */ = {isa = PBXFileReference; fileEncoding = 4; lastKnownFileType = sourcecode.swift; path = InspectionPersistenceTests.swift; sourceTree = "<group>"; };
		A0000000000000000000003D /* InspectionListFeatureTests.swift */ = {isa = PBXFileReference; fileEncoding = 4; lastKnownFileType = sourcecode.swift; path = InspectionListFeatureTests.swift; sourceTree = "<group>"; };
		A0000000000000000000003E /* InspectionEditorFeatureTests.swift */ = {isa = PBXFileReference; fileEncoding = 4; lastKnownFileType = sourcecode.swift; path = InspectionEditorFeatureTests.swift; sourceTree = "<group>"; };
		A0000000000000000000002B /* InspectionRecordDemoTests.xctest */ = {isa = PBXFileReference; explicitFileType = wrapper.cfbundle; includeInIndex = 0; path = InspectionRecordDemoTests.xctest; sourceTree = BUILT_PRODUCTS_DIR; };
		A00000000000000000000036 /* XCTest.framework */ = {isa = PBXFileReference; lastKnownFileType = wrapper.framework; name = XCTest.framework; path = System/Library/Frameworks/XCTest.framework; sourceTree = SDKROOT; };
/* End PBXFileReference section */

/* Begin PBXFrameworksBuildPhase section */
		A00000000000000000000012 /* Frameworks */ = {
			isa = PBXFrameworksBuildPhase;
			buildActionMask = 2147483647;
			files = (
				A00000000000000000000010 /* ComposableArchitecture in Frameworks */,
			);
			runOnlyForDeploymentPostprocessing = 0;
		};
		A0000000000000000000002F /* Frameworks */ = {
			isa = PBXFrameworksBuildPhase;
			buildActionMask = 2147483647;
			files = (
				A00000000000000000000035 /* XCTest.framework in Frameworks */,
			);
			runOnlyForDeploymentPostprocessing = 0;
		};
/* End PBXFrameworksBuildPhase section */

/* Begin PBXGroup section */
		7DF77CDC302C143400F953B9 /* Recovered References */ = {
			isa = PBXGroup;
			children = (
				A00000000000000000000036 /* XCTest.framework */,
			);
			name = "Recovered References";
			sourceTree = "<group>";
		};
		A00000000000000000000003 = {
			isa = PBXGroup;
			children = (
				7DF77CD6302BFF1F00F953B9 /* AGENTS.md */,
				7DF77CD7302BFF1F00F953B9 /* LICENSE */,
				7DF77CD8302BFF1F00F953B9 /* README.md */,
				A0000000000000000000001C /* InspectionRecordDemo */,
				A00000000000000000000004 /* Products */,
				7DF77CDC302C143400F953B9 /* Recovered References */,
			);
			sourceTree = "<group>";
		};
		A00000000000000000000004 /* Products */ = {
			isa = PBXGroup;
			children = (
				A0000000000000000000000D /* InspectionRecordDemo.app */,
				A0000000000000000000002B /* InspectionRecordDemoTests.xctest */,
			);
			name = Products;
			sourceTree = "<group>";
		};
		A00000000000000000000005 /* App */ = {
			isa = PBXGroup;
			children = (
				A0000000000000000000000B /* InspectionRecordDemoApp.swift */,
				A0000000000000000000000C /* AppFeature.swift */,
			);
			path = App;
			sourceTree = "<group>";
		};
		A00000000000000000000006 /* Features */ = {
			isa = PBXGroup;
			children = (
				A00000000000000000000007 /* InspectionList */,
				A00000000000000000000008 /* InspectionEditor */,
			);
			path = Features;
			sourceTree = "<group>";
		};
		A00000000000000000000007 /* InspectionList */ = {
			isa = PBXGroup;
			children = (
				A0000000000000000000001E /* InspectionListFeature.swift */,
				A00000000000000000000050 /* LocationPreferencesClient.swift */,
				A00000000000000000000051 /* TargetFormFeature.swift */,
				A00000000000000000000052 /* TargetFormView.swift */,
				A00000000000000000000053 /* InspectionListView.swift */,
				A00000000000000000000054 /* InspectionTargetsView.swift */,
				A00000000000000000000055 /* InspectionHistoryView.swift */,
			);
			path = InspectionList;
			sourceTree = "<group>";
		};
		A00000000000000000000008 /* InspectionEditor */ = {
			isa = PBXGroup;
			children = (
				A0000000000000000000001F /* InspectionEditorFeature.swift */,
				A0000000000000000000003A /* InspectionEditorLocationClient.swift */,
				A0000000000000000000003B /* InspectionEditorCameraClient.swift */,
				A0000000000000000000003C /* InspectionEditorView.swift */,
				A00000000000000000000056 /* InspectionEditorPhotoSection.swift */,
				A00000000000000000000057 /* SystemCameraView.swift */,
				A00000000000000000000058 /* InspectionPhotoDataNormalizer.swift */,
			);
			path = InspectionEditor;
			sourceTree = "<group>";
		};
		A00000000000000000000009 /* Models */ = {
			isa = PBXGroup;
			children = (
				A0000000000000000000001D /* InspectionModels.swift */,
			);
			path = Models;
			sourceTree = "<group>";
		};
		A0000000000000000000000A /* Tests */ = {
			isa = PBXGroup;
			children = (
				A00000000000000000000029 /* InspectionPersistenceTests.swift */,
				A0000000000000000000003D /* InspectionListFeatureTests.swift */,
				A0000000000000000000003E /* InspectionEditorFeatureTests.swift */,
			);
			path = Tests;
			sourceTree = "<group>";
		};
		A0000000000000000000001C /* InspectionRecordDemo */ = {
			isa = PBXGroup;
			children = (
				A00000000000000000000005 /* App */,
				A00000000000000000000006 /* Features */,
				A00000000000000000000009 /* Models */,
				A00000000000000000000025 /* Persistence */,
				A0000000000000000000000A /* Tests */,
			);
			path = InspectionRecordDemo;
			sourceTree = "<group>";
		};
		A00000000000000000000025 /* Persistence */ = {
			isa = PBXGroup;
			children = (
				A00000000000000000000024 /* InspectionPersistence.swift */,
			);
			path = Persistence;
			sourceTree = "<group>";
		};
/* End PBXGroup section */

/* Begin PBXNativeTarget section */
		A00000000000000000000002 /* InspectionRecordDemo */ = {
			isa = PBXNativeTarget;
			buildConfigurationList = A00000000000000000000015 /* Build configuration list for PBXNativeTarget "InspectionRecordDemo" */;
			buildPhases = (
				A00000000000000000000011 /* Sources */,
				A00000000000000000000012 /* Frameworks */,
				A00000000000000000000013 /* Resources */,
			);
			buildRules = (
			);
			dependencies = (
			);
			name = InspectionRecordDemo;
			packageProductDependencies = (
				A0000000000000000000001B /* ComposableArchitecture */,
			);
			productName = InspectionRecordDemo;
			productReference = A0000000000000000000000D /* InspectionRecordDemo.app */;
			productType = "com.apple.product-type.application";
		};
		A0000000000000000000002E /* InspectionRecordDemoTests */ = {
			isa = PBXNativeTarget;
			buildConfigurationList = A00000000000000000000034 /* Build configuration list for PBXNativeTarget "InspectionRecordDemoTests" */;
			buildPhases = (
				A00000000000000000000031 /* Sources */,
				A0000000000000000000002F /* Frameworks */,
				A00000000000000000000030 /* Resources */,
			);
			buildRules = (
			);
			dependencies = (
				A0000000000000000000002D /* PBXTargetDependency */,
			);
			name = InspectionRecordDemoTests;
			productName = InspectionRecordDemoTests;
			productReference = A0000000000000000000002B /* InspectionRecordDemoTests.xctest */;
			productType = "com.apple.product-type.bundle.unit-test";
		};
/* End PBXNativeTarget section */

/* Begin PBXProject section */
		A00000000000000000000001 /* Project object */ = {
			isa = PBXProject;
			attributes = {
				BuildIndependentTargetsInParallel = YES;
				LastUpgradeCheck = 2620;
				TargetAttributes = {
					A00000000000000000000002 = {
						CreatedOnToolsVersion = 16.0;
					};
					A0000000000000000000002E = {
						CreatedOnToolsVersion = 16.0;
						TestTargetID = A00000000000000000000002;
					};
				};
			};
			buildConfigurationList = A00000000000000000000014 /* Build configuration list for PBXProject "InspectionRecordDemo" */;
			compatibilityVersion = "Xcode 3.2";
			developmentRegion = en;
			hasScannedForEncodings = 0;
			knownRegions = (
				en,
				Base,
			);
			mainGroup = A00000000000000000000003;
			packageReferences = (
				A0000000000000000000001A /* XCRemoteSwiftPackageReference "swift-composable-architecture" */,
			);
			productRefGroup = A00000000000000000000004 /* Products */;
			projectDirPath = "";
			projectRoot = "";
			targets = (
				A00000000000000000000002 /* InspectionRecordDemo */,
				A0000000000000000000002E /* InspectionRecordDemoTests */,
			);
		};
/* End PBXProject section */

/* Begin PBXResourcesBuildPhase section */
		A00000000000000000000013 /* Resources */ = {
			isa = PBXResourcesBuildPhase;
			buildActionMask = 2147483647;
			files = (
			);
			runOnlyForDeploymentPostprocessing = 0;
		};
		A00000000000000000000030 /* Resources */ = {
			isa = PBXResourcesBuildPhase;
			buildActionMask = 2147483647;
			files = (
			);
			runOnlyForDeploymentPostprocessing = 0;
		};
/* End PBXResourcesBuildPhase section */

/* Begin PBXSourcesBuildPhase section */
		A00000000000000000000011 /* Sources */ = {
			isa = PBXSourcesBuildPhase;
			buildActionMask = 2147483647;
			files = (
				A0000000000000000000000E /* InspectionRecordDemoApp.swift in Sources */,
				A0000000000000000000000F /* AppFeature.swift in Sources */,
				A00000000000000000000020 /* InspectionModels.swift in Sources */,
				A00000000000000000000021 /* InspectionListFeature.swift in Sources */,
				A00000000000000000000022 /* InspectionEditorFeature.swift in Sources */,
				A00000000000000000000037 /* InspectionEditorLocationClient.swift in Sources */,
				A00000000000000000000038 /* InspectionEditorCameraClient.swift in Sources */,
				A00000000000000000000039 /* InspectionEditorView.swift in Sources */,
				A00000000000000000000042 /* LocationPreferencesClient.swift in Sources */,
				A00000000000000000000043 /* TargetFormFeature.swift in Sources */,
				A00000000000000000000044 /* TargetFormView.swift in Sources */,
				A00000000000000000000045 /* InspectionListView.swift in Sources */,
				A00000000000000000000046 /* InspectionTargetsView.swift in Sources */,
				A00000000000000000000047 /* InspectionHistoryView.swift in Sources */,
				A00000000000000000000048 /* InspectionEditorPhotoSection.swift in Sources */,
				A00000000000000000000049 /* SystemCameraView.swift in Sources */,
				A0000000000000000000004A /* InspectionPhotoDataNormalizer.swift in Sources */,
				A00000000000000000000023 /* InspectionPersistence.swift in Sources */,
			);
			runOnlyForDeploymentPostprocessing = 0;
		};
		A00000000000000000000031 /* Sources */ = {
			isa = PBXSourcesBuildPhase;
			buildActionMask = 2147483647;
			files = (
				A00000000000000000000026 /* InspectionPersistenceTests.swift in Sources */,
				A00000000000000000000040 /* InspectionListFeatureTests.swift in Sources */,
				A00000000000000000000041 /* InspectionEditorFeatureTests.swift in Sources */,
			);
			runOnlyForDeploymentPostprocessing = 0;
		};
/* End PBXSourcesBuildPhase section */

/* Begin PBXTargetDependency section */
		A0000000000000000000002D /* PBXTargetDependency */ = {
			isa = PBXTargetDependency;
			target = A00000000000000000000002 /* InspectionRecordDemo */;
			targetProxy = A0000000000000000000002C /* PBXContainerItemProxy */;
		};
/* End PBXTargetDependency section */

/* Begin XCBuildConfiguration section */
		A00000000000000000000016 /* Debug */ = {
			isa = XCBuildConfiguration;
			buildSettings = {
				ASSETCATALOG_COMPILER_GENERATE_SWIFT_ASSET_SYMBOL_EXTENSIONS = YES;
				CLANG_ENABLE_MODULES = YES;
				CLANG_WARN_BLOCK_CAPTURE_AUTORELEASING = YES;
				CLANG_WARN_BOOL_CONVERSION = YES;
				CLANG_WARN_COMMA = YES;
				CLANG_WARN_CONSTANT_CONVERSION = YES;
				CLANG_WARN_DEPRECATED_OBJC_IMPLEMENTATIONS = YES;
				CLANG_WARN_EMPTY_BODY = YES;
				CLANG_WARN_ENUM_CONVERSION = YES;
				CLANG_WARN_INFINITE_RECURSION = YES;
				CLANG_WARN_INT_CONVERSION = YES;
				CLANG_WARN_NON_LITERAL_NULL_CONVERSION = YES;
				CLANG_WARN_OBJC_IMPLICIT_RETAIN_SELF = YES;
				CLANG_WARN_OBJC_LITERAL_CONVERSION = YES;
				CLANG_WARN_QUOTED_INCLUDE_IN_FRAMEWORK_HEADER = YES;
				CLANG_WARN_RANGE_LOOP_ANALYSIS = YES;
				CLANG_WARN_STRICT_PROTOTYPES = YES;
				CLANG_WARN_SUSPICIOUS_MOVE = YES;
				CLANG_WARN_UNREACHABLE_CODE = YES;
				CLANG_WARN__DUPLICATE_METHOD_MATCH = YES;
				DEAD_CODE_STRIPPING = YES;
				DEVELOPMENT_TEAM = CMPZAY722Y;
				ENABLE_STRICT_OBJC_MSGSEND = YES;
				ENABLE_TESTABILITY = YES;
				ENABLE_USER_SCRIPT_SANDBOXING = YES;
				GCC_NO_COMMON_BLOCKS = YES;
				GCC_WARN_64_TO_32_BIT_CONVERSION = YES;
				GCC_WARN_ABOUT_RETURN_TYPE = YES;
				GCC_WARN_UNDECLARED_SELECTOR = YES;
				GCC_WARN_UNINITIALIZED_AUTOS = YES;
				GCC_WARN_UNUSED_FUNCTION = YES;
				GCC_WARN_UNUSED_VARIABLE = YES;
				ONLY_ACTIVE_ARCH = YES;
				STRING_CATALOG_GENERATE_SYMBOLS = YES;
				SWIFT_OPTIMIZATION_LEVEL = "-Onone";
			};
			name = Debug;
		};
		A00000000000000000000017 /* Release */ = {
			isa = XCBuildConfiguration;
			buildSettings = {
				ASSETCATALOG_COMPILER_GENERATE_SWIFT_ASSET_SYMBOL_EXTENSIONS = YES;
				CLANG_ENABLE_MODULES = YES;
				CLANG_WARN_BLOCK_CAPTURE_AUTORELEASING = YES;
				CLANG_WARN_BOOL_CONVERSION = YES;
				CLANG_WARN_COMMA = YES;
				CLANG_WARN_CONSTANT_CONVERSION = YES;
				CLANG_WARN_DEPRECATED_OBJC_IMPLEMENTATIONS = YES;
				CLANG_WARN_EMPTY_BODY = YES;
				CLANG_WARN_ENUM_CONVERSION = YES;
				CLANG_WARN_INFINITE_RECURSION = YES;
				CLANG_WARN_INT_CONVERSION = YES;
				CLANG_WARN_NON_LITERAL_NULL_CONVERSION = YES;
				CLANG_WARN_OBJC_IMPLICIT_RETAIN_SELF = YES;
				CLANG_WARN_OBJC_LITERAL_CONVERSION = YES;
				CLANG_WARN_QUOTED_INCLUDE_IN_FRAMEWORK_HEADER = YES;
				CLANG_WARN_RANGE_LOOP_ANALYSIS = YES;
				CLANG_WARN_STRICT_PROTOTYPES = YES;
				CLANG_WARN_SUSPICIOUS_MOVE = YES;
				CLANG_WARN_UNREACHABLE_CODE = YES;
				CLANG_WARN__DUPLICATE_METHOD_MATCH = YES;
				DEAD_CODE_STRIPPING = YES;
				DEVELOPMENT_TEAM = CMPZAY722Y;
				ENABLE_STRICT_OBJC_MSGSEND = YES;
				ENABLE_USER_SCRIPT_SANDBOXING = YES;
				GCC_NO_COMMON_BLOCKS = YES;
				GCC_WARN_64_TO_32_BIT_CONVERSION = YES;
				GCC_WARN_ABOUT_RETURN_TYPE = YES;
				GCC_WARN_UNDECLARED_SELECTOR = YES;
				GCC_WARN_UNINITIALIZED_AUTOS = YES;
				GCC_WARN_UNUSED_FUNCTION = YES;
				GCC_WARN_UNUSED_VARIABLE = YES;
				STRING_CATALOG_GENERATE_SYMBOLS = YES;
				SWIFT_COMPILATION_MODE = wholemodule;
				SWIFT_OPTIMIZATION_LEVEL = "-O";
			};
			name = Release;
		};
		A00000000000000000000018 /* Debug */ = {
			isa = XCBuildConfiguration;
			buildSettings = {
				CLANG_ENABLE_OBJC_WEAK = YES;
				CODE_SIGN_STYLE = Automatic;
				CURRENT_PROJECT_VERSION = 1;
				GENERATE_INFOPLIST_FILE = YES;
				INFOPLIST_KEY_NSCameraUsageDescription = "점검 사진 촬영을 위해 카메라 접근 권한이 필요합니다.";
				INFOPLIST_KEY_NSLocationWhenInUseUsageDescription = "점검 당시 위치를 기록하기 위해 위치 접근 권한이 필요합니다.";
				INFOPLIST_KEY_UIApplicationSceneManifest_Generation = YES;
				INFOPLIST_KEY_UIApplicationSupportsIndirectInputEvents = YES;
				INFOPLIST_KEY_UILaunchScreen_Generation = YES;
				INFOPLIST_KEY_UISupportedInterfaceOrientations = "UIInterfaceOrientationLandscapeLeft UIInterfaceOrientationLandscapeRight UIInterfaceOrientationPortrait UIInterfaceOrientationPortraitUpsideDown";
				IPHONEOS_DEPLOYMENT_TARGET = 18.6;
				LD_RUNPATH_SEARCH_PATHS = (
					"$(inherited)",
					"@executable_path/Frameworks",
				);
				MARKETING_VERSION = 1.0;
				PRODUCT_BUNDLE_IDENTIFIER = com.example.InspectionRecordDemo;
				PRODUCT_NAME = "$(TARGET_NAME)";
				SDKROOT = iphoneos;
				SWIFT_EMIT_LOC_STRINGS = YES;
				SWIFT_VERSION = 6.0;
				TARGETED_DEVICE_FAMILY = "1,2";
			};
			name = Debug;
		};
		A00000000000000000000019 /* Release */ = {
			isa = XCBuildConfiguration;
			buildSettings = {
				CLANG_ENABLE_OBJC_WEAK = YES;
				CODE_SIGN_STYLE = Automatic;
				CURRENT_PROJECT_VERSION = 1;
				GENERATE_INFOPLIST_FILE = YES;
				INFOPLIST_KEY_NSCameraUsageDescription = "점검 사진 촬영을 위해 카메라 접근 권한이 필요합니다.";
				INFOPLIST_KEY_NSLocationWhenInUseUsageDescription = "점검 당시 위치를 기록하기 위해 위치 접근 권한이 필요합니다.";
				INFOPLIST_KEY_UIApplicationSceneManifest_Generation = YES;
				INFOPLIST_KEY_UIApplicationSupportsIndirectInputEvents = YES;
				INFOPLIST_KEY_UILaunchScreen_Generation = YES;
				INFOPLIST_KEY_UISupportedInterfaceOrientations = "UIInterfaceOrientationLandscapeLeft UIInterfaceOrientationLandscapeRight UIInterfaceOrientationPortrait UIInterfaceOrientationPortraitUpsideDown";
				IPHONEOS_DEPLOYMENT_TARGET = 18.6;
				LD_RUNPATH_SEARCH_PATHS = (
					"$(inherited)",
					"@executable_path/Frameworks",
				);
				MARKETING_VERSION = 1.0;
				PRODUCT_BUNDLE_IDENTIFIER = com.example.InspectionRecordDemo;
				PRODUCT_NAME = "$(TARGET_NAME)";
				SDKROOT = iphoneos;
				SWIFT_EMIT_LOC_STRINGS = YES;
				SWIFT_OPTIMIZATION_LEVEL = "-O";
				SWIFT_VERSION = 6.0;
				TARGETED_DEVICE_FAMILY = "1,2";
			};
			name = Release;
		};
		A00000000000000000000032 /* Debug */ = {
			isa = XCBuildConfiguration;
			buildSettings = {
				BUNDLE_LOADER = "$(TEST_HOST)";
				CODE_SIGN_STYLE = Automatic;
				CURRENT_PROJECT_VERSION = 1;
				DEVELOPMENT_TEAM = CMPZAY722Y;
				GENERATE_INFOPLIST_FILE = YES;
				IPHONEOS_DEPLOYMENT_TARGET = 18.6;
				LD_RUNPATH_SEARCH_PATHS = (
					"$(inherited)",
					"@executable_path/Frameworks",
					"@loader_path/Frameworks",
				);
				PRODUCT_BUNDLE_IDENTIFIER = com.example.InspectionRecordDemoTests;
				PRODUCT_NAME = "$(TARGET_NAME)";
				SDKROOT = iphoneos;
				SWIFT_VERSION = 6.0;
				TARGETED_DEVICE_FAMILY = "1,2";
				TEST_HOST = "$(BUILT_PRODUCTS_DIR)/InspectionRecordDemo.app/InspectionRecordDemo";
			};
			name = Debug;
		};
		A00000000000000000000033 /* Release */ = {
			isa = XCBuildConfiguration;
			buildSettings = {
				BUNDLE_LOADER = "$(TEST_HOST)";
				CODE_SIGN_STYLE = Automatic;
				CURRENT_PROJECT_VERSION = 1;
				DEVELOPMENT_TEAM = CMPZAY722Y;
				GENERATE_INFOPLIST_FILE = YES;
				IPHONEOS_DEPLOYMENT_TARGET = 18.6;
				LD_RUNPATH_SEARCH_PATHS = (
					"$(inherited)",
					"@executable_path/Frameworks",
					"@loader_path/Frameworks",
				);
				PRODUCT_BUNDLE_IDENTIFIER = com.example.InspectionRecordDemoTests;
				PRODUCT_NAME = "$(TARGET_NAME)";
				SDKROOT = iphoneos;
				SWIFT_OPTIMIZATION_LEVEL = "-O";
				SWIFT_VERSION = 6.0;
				TARGETED_DEVICE_FAMILY = "1,2";
				TEST_HOST = "$(BUILT_PRODUCTS_DIR)/InspectionRecordDemo.app/InspectionRecordDemo";
			};
			name = Release;
		};
/* End XCBuildConfiguration section */

/* Begin XCConfigurationList section */
		A00000000000000000000014 /* Build configuration list for PBXProject "InspectionRecordDemo" */ = {
			isa = XCConfigurationList;
			buildConfigurations = (
				A00000000000000000000016 /* Debug */,
				A00000000000000000000017 /* Release */,
			);
			defaultConfigurationIsVisible = 0;
			defaultConfigurationName = Release;
		};
		A00000000000000000000015 /* Build configuration list for PBXNativeTarget "InspectionRecordDemo" */ = {
			isa = XCConfigurationList;
			buildConfigurations = (
				A00000000000000000000018 /* Debug */,
				A00000000000000000000019 /* Release */,
			);
			defaultConfigurationIsVisible = 0;
			defaultConfigurationName = Release;
		};
		A00000000000000000000034 /* Build configuration list for PBXNativeTarget "InspectionRecordDemoTests" */ = {
			isa = XCConfigurationList;
			buildConfigurations = (
				A00000000000000000000032 /* Debug */,
				A00000000000000000000033 /* Release */,
			);
			defaultConfigurationIsVisible = 0;
			defaultConfigurationName = Release;
		};
/* End XCConfigurationList section */

/* Begin XCRemoteSwiftPackageReference section */
		A0000000000000000000001A /* XCRemoteSwiftPackageReference "swift-composable-architecture" */ = {
			isa = XCRemoteSwiftPackageReference;
			repositoryURL = "https://github.com/pointfreeco/swift-composable-architecture.git";
			requirement = {
				kind = exactVersion;
				version = 1.26.1;
			};
		};
/* End XCRemoteSwiftPackageReference section */

/* Begin XCSwiftPackageProductDependency section */
		A0000000000000000000001B /* ComposableArchitecture */ = {
			isa = XCSwiftPackageProductDependency;
			package = A0000000000000000000001A /* XCRemoteSwiftPackageReference "swift-composable-architecture" */;
			productName = ComposableArchitecture;
		};
/* End XCSwiftPackageProductDependency section */
	};
	rootObject = A00000000000000000000001 /* Project object */;
}
